
Microsoft Visual Studio Solution File, Format Version 12.00
# Visual Studio 15
VisualStudioVersion = 15.0.27703.2000
MinimumVisualStudioVersion = 10.0.40219.1
Project("{FAE04EC0-301F-11D3-BF4B-00C04F79EFBC}") = "Scheduler", "Scheduler\Scheduler.csproj", "{15A42A97-09DD-4F2A-B258-F0C93AC3E746}"
EndProject
Global
	GlobalSection(SolutionConfigurationPlatforms) = preSolution
		Debug|Any CPU = Debug|Any CPU
		Release|Any CPU = Release|Any CPU
	EndGlobalSection
	GlobalSection(ProjectConfigurationPlatforms) = postSolution
		{15A42A97-09DD-4F2A-B258-F0C93AC3E746}.Debug|Any CPU.ActiveCfg = Debug|Any CPU
		{15A42A97-09DD-4F2A-B258-F0C93AC3E746}.Debug|Any CPU.Build.0 = Debug|Any CPU
		{15A42A97-09DD-4F2A-B258-F0C93AC3E746}.Release|Any CPU.ActiveCfg = Release|Any CPU
		{15A42A97-09DD-4F2A-B258-F0C93AC3E746}.Release|Any CPU.Build.0 = Release|Any CPU
	EndGlobalSection
	GlobalSection(SolutionProperties) = preSolution
		HideSolutionNode = FALSE
	EndGlobalSection
	GlobalSection(ExtensibilityGlobals) = postSolution
		SolutionGuid = {AD8A7FF6-9646-4B18-A359-D2BCDB7576A0}
	EndGlobalSection
EndGlobal
